
Microsoft Visual Studio Solution File, Format Version 12.00
# Visual Studio 15
VisualStudioVersion = 15.0.28010.2050
MinimumVisualStudioVersion = 10.0.40219.1
Project("{FAE04EC0-301F-11D3-BF4B-00C04F79EFBC}") = "Discord-Bot", "Discord-Bot\Discord-Bot.csproj", "{776DA1BC-14B5-4A17-A3AF-06DC0F47303B}"
EndProject
Global
	GlobalSection(SolutionConfigurationPlatforms) = preSolution
		Debug|Any CPU = Debug|Any CPU
		Release|Any CPU = Release|Any CPU
	EndGlobalSection
	GlobalSection(ProjectConfigurationPlatforms) = postSolution
		{776DA1BC-14B5-4A17-A3AF-06DC0F47303B}.Debug|Any CPU.ActiveCfg = Debug|Any CPU
		{776DA1BC-14B5-4A17-A3AF-06DC0F47303B}.Debug|Any CPU.Build.0 = Debug|Any CPU
		{776DA1BC-14B5-4A17-A3AF-06DC0F47303B}.Release|Any CPU.ActiveCfg = Release|Any CPU
		{776DA1BC-14B5-4A17-A3AF-06DC0F47303B}.Release|Any CPU.Build.0 = Release|Any CPU
	EndGlobalSection
	GlobalSection(SolutionProperties) = preSolution
		HideSolutionNode = FALSE
	EndGlobalSection
	GlobalSection(ExtensibilityGlobals) = postSolution
		SolutionGuid = {A9330E5F-3E40-49C5-8BBB-95C76F13A357}
	EndGlobalSection
EndGlobal
